
Microsoft Visual Studio Solution File, Format Version 12.00
# Visual Studio Version 16
VisualStudioVersion = 16.0.32228.343
MinimumVisualStudioVersion = 10.0.40219.1
Project("{FAE04EC0-301F-11D3-BF4B-00C04F79EFBC}") = "serikyerassylinfo", "serikyerassylinfo\serikyerassylinfo.csproj", "{713E8B1F-778A-4ADC-B800-BBDF823F0AE6}"
EndProject
Global
	GlobalSection(SolutionConfigurationPlatforms) = preSolution
		Debug|Any CPU = Debug|Any CPU
		Release|Any CPU = Release|Any CPU
	EndGlobalSection
	GlobalSection(ProjectConfigurationPlatforms) = postSolution
		{713E8B1F-778A-4ADC-B800-BBDF823F0AE6}.Debug|Any CPU.ActiveCfg = Debug|Any CPU
		{713E8B1F-778A-4ADC-B800-BBDF823F0AE6}.Debug|Any CPU.Build.0 = Debug|Any CPU
		{713E8B1F-778A-4ADC-B800-BBDF823F0AE6}.Release|Any CPU.ActiveCfg = Release|Any CPU
		{713E8B1F-778A-4ADC-B800-BBDF823F0AE6}.Release|Any CPU.Build.0 = Release|Any CPU
	EndGlobalSection
	GlobalSection(SolutionProperties) = preSolution
		HideSolutionNode = FALSE
	EndGlobalSection
	GlobalSection(ExtensibilityGlobals) = postSolution
		SolutionGuid = {7B392FFB-5516-4F6E-AA90-B6CB3FDECC96}
	EndGlobalSection
EndGlobal
